// !$*UTF8*$!
{
	archiveVersion = 1;
	classes = {
	};
	objectVersion = 46;
	objects = {

/* Begin PBXBuildFile section */
		4E04E89819D7CCBF00E0F0FD /* AppDelegate.swift in Sources */ = {isa = PBXBuildFile; fileRef = 4E04E89719D7CCBF00E0F0FD /* AppDelegate.swift */; };
		4E04E89B19D7CCBF00E0F0FD /* obt1.xcdatamodeld in Sources */ = {isa = PBXBuildFile; fileRef = 4E04E89919D7CCBF00E0F0FD /* obt1.xcdatamodeld */; };
		4E04E89D19D7CCBF00E0F0FD /* ViewController.swift in Sources */ = {isa = PBXBuildFile; fileRef = 4E04E89C19D7CCBF00E0F0FD /* ViewController.swift */; };
		4E04E8A019D7CCBF00E0F0FD /* Main.storyboard in Resources */ = {isa = PBXBuildFile; fileRef = 4E04E89E19D7CCBF00E0F0FD /* Main.storyboard */; };
		4E04E8A219D7CCBF00E0F0FD /* Images.xcassets in Resources */ = {isa = PBXBuildFile; fileRef = 4E04E8A119D7CCBF00E0F0FD /* Images.xcassets */; };
		4E04E8A519D7CCBF00E0F0FD /* LaunchScreen.xib in Resources */ = {isa = PBXBuildFile; fileRef = 4E04E8A319D7CCBF00E0F0FD /* LaunchScreen.xib */; };
		4E04E8B119D7CCBF00E0F0FD /* obt1Tests.swift in Sources */ = {isa = PBXBuildFile; fileRef = 4E04E8B019D7CCBF00E0F0FD /* obt1Tests.swift */; };
		4E9CA54D19D853A1000CF70B /* WorldView.swift in Sources */ = {isa = PBXBuildFile; fileRef = 4E9CA54C19D853A0000CF70B /* WorldView.swift */; };
		4E9CA54F19D8B11D000CF70B /* Cell.swift in Sources */ = {isa = PBXBuildFile; fileRef = 4E9CA54E19D8B11D000CF70B /* Cell.swift */; };
/* End PBXBuildFile section */

/* Begin PBXContainerItemProxy section */
		4E04E8AB19D7CCBF00E0F0FD /* PBXContainerItemProxy */ = {
			isa = PBXContainerItemProxy;
			containerPortal = 4E04E88A19D7CCBF00E0F0FD /* Project object */;
			proxyType = 1;
			remoteGlobalIDString = 4E04E89119D7CCBF00E0F0FD;
			remoteInfo = obt1;
		};
/* End PBXContainerItemProxy section */

/* Begin PBXFileReference section */
		4E04E89219D7CCBF00E0F0FD /* obt1.app */ = {isa = PBXFileReference; explicitFileType = wrapper.application; includeInIndex = 0; path = obt1.app; sourceTree = BUILT_PRODUCTS_DIR; };
		4E04E89619D7CCBF00E0F0FD /* Info.plist */ = {isa = PBXFileReference; lastKnownFileType = text.plist.xml; path = Info.plist; sourceTree = "<group>"; };
		4E04E89719D7CCBF00E0F0FD /* AppDelegate.swift */ = {isa = PBXFileReference; lastKnownFileType = sourcecode.swift; path = AppDelegate.swift; sourceTree = "<group>"; };
		4E04E89A19D7CCBF00E0F0FD /* obt1.xcdatamodel */ = {isa = PBXFileReference; lastKnownFileType = wrapper.xcdatamodel; path = obt1.xcdatamodel; sourceTree = "<group>"; };
		4E04E89C19D7CCBF00E0F0FD /* ViewController.swift */ = {isa = PBXFileReference; lastKnownFileType = sourcecode.swift; path = ViewController.swift; sourceTree = "<group>"; };
		4E04E89F19D7CCBF00E0F0FD /* Base */ = {isa = PBXFileReference; lastKnownFileType = file.storyboard; name = Base; path = Base.lproj/Main.storyboard; sourceTree = "<group>"; };
		4E04E8A119D7CCBF00E0F0FD /* Images.xcassets */ = {isa = PBXFileReference; lastKnownFileType = folder.assetcatalog; path = Images.xcassets; sourceTree = "<group>"; };
		4E04E8A419D7CCBF00E0F0FD /* Base */ = {isa = PBXFileReference; lastKnownFileType = file.xib; name = Base; path = Base.lproj/LaunchScreen.xib; sourceTree = "<group>"; };
		4E04E8AA19D7CCBF00E0F0FD /* obt1Tests.xctest */ = {isa = PBXFileReference; explicitFileType = wrapper.cfbundle; includeInIndex = 0; path = obt1Tests.xctest; sourceTree = BUILT_PRODUCTS_DIR; };
		4E04E8AF19D7CCBF00E0F0FD /* Info.plist */ = {isa = PBXFileReference; lastKnownFileType = text.plist.xml; path = Info.plist; sourceTree = "<group>"; };
		4E04E8B019D7CCBF00E0F0FD /* obt1Tests.swift */ = {isa = PBXFileReference; lastKnownFileType = sourcecode.swift; path = obt1Tests.swift; sourceTree = "<group>"; };
		4E9CA54C19D853A0000CF70B /* WorldView.swift */ = {isa = PBXFileReference; fileEncoding = 4; lastKnownFileType = sourcecode.swift; path = WorldView.swift; sourceTree = "<group>"; };
		4E9CA54E19D8B11D000CF70B /* Cell.swift */ = {isa = PBXFileReference; fileEncoding = 4; lastKnownFileType = sourcecode.swift; path = Cell.swift; sourceTree = "<group>"; };
/* End PBXFileReference section */

/* Begin PBXFrameworksBuildPhase section */
		4E04E88F19D7CCBF00E0F0FD /* Frameworks */ = {
			isa = PBXFrameworksBuildPhase;
			buildActionMask = 2147483647;
			files = (
			);
			runOnlyForDeploymentPostprocessing = 0;
		};
		4E04E8A719D7CCBF00E0F0FD /* Frameworks */ = {
			isa = PBXFrameworksBuildPhase;
			buildActionMask = 2147483647;
			files = (
			);
			runOnlyForDeploymentPostprocessing = 0;
		};
/* End PBXFrameworksBuildPhase section */

/* Begin PBXGroup section */
		4E04E88919D7CCBF00E0F0FD = {
			isa = PBXGroup;
			children = (
				4E04E89419D7CCBF00E0F0FD /* obt1 */,
				4E04E8AD19D7CCBF00E0F0FD /* obt1Tests */,
				4E04E89319D7CCBF00E0F0FD /* Products */,
			);
			sourceTree = "<group>";
		};
		4E04E89319D7CCBF00E0F0FD /* Products */ = {
			isa = PBXGroup;
			children = (
				4E04E89219D7CCBF00E0F0FD /* obt1.app */,
				4E04E8AA19D7CCBF00E0F0FD /* obt1Tests.xctest */,
			);
			name = Products;
			sourceTree = "<group>";
		};
		4E04E89419D7CCBF00E0F0FD /* obt1 */ = {
			isa = PBXGroup;
			children = (
				4E04E89E19D7CCBF00E0F0FD /* Main.storyboard */,
				4E04E89719D7CCBF00E0F0FD /* AppDelegate.swift */,
				4E04E89C19D7CCBF00E0F0FD /* ViewController.swift */,
				4E9CA54C19D853A0000CF70B /* WorldView.swift */,
				4E9CA54E19D8B11D000CF70B /* Cell.swift */,
				4E04E8A119D7CCBF00E0F0FD /* Images.xcassets */,
				4E04E8A319D7CCBF00E0F0FD /* LaunchScreen.xib */,
				4E04E89919D7CCBF00E0F0FD /* obt1.xcdatamodeld */,
				4E04E89519D7CCBF00E0F0FD /* Supporting Files */,
			);
			path = obt1;
			sourceTree = "<group>";
		};
		4E04E89519D7CCBF00E0F0FD /* Supporting Files */ = {
			isa = PBXGroup;
			children = (
				4E04E89619D7CCBF00E0F0FD /* Info.plist */,
			);
			name = "Supporting Files";
			sourceTree = "<group>";
		};
		4E04E8AD19D7CCBF00E0F0FD /* obt1Tests */ = {
			isa = PBXGroup;
			children = (
				4E04E8B019D7CCBF00E0F0FD /* obt1Tests.swift */,
				4E04E8AE19D7CCBF00E0F0FD /* Supporting Files */,
			);
			path = obt1Tests;
			sourceTree = "<group>";
		};
		4E04E8AE19D7CCBF00E0F0FD /* Supporting Files */ = {
			isa = PBXGroup;
			children = (
				4E04E8AF19D7CCBF00E0F0FD /* Info.plist */,
			);
			name = "Supporting Files";
			sourceTree = "<group>";
		};
/* End PBXGroup section */

/* Begin PBXNativeTarget section */
		4E04E89119D7CCBF00E0F0FD /* obt1 */ = {
			isa = PBXNativeTarget;
			buildConfigurationList = 4E04E8B419D7CCBF00E0F0FD /* Build configuration list for PBXNativeTarget "obt1" */;
			buildPhases = (
				4E04E88E19D7CCBF00E0F0FD /* Sources */,
				4E04E88F19D7CCBF00E0F0FD /* Frameworks */,
				4E04E89019D7CCBF00E0F0FD /* Resources */,
			);
			buildRules = (
			);
			dependencies = (
			);
			name = obt1;
			productName = obt1;
			productReference = 4E04E89219D7CCBF00E0F0FD /* obt1.app */;
			productType = "com.apple.product-type.application";
		};
		4E04E8A919D7CCBF00E0F0FD /* obt1Tests */ = {
			isa = PBXNativeTarget;
			buildConfigurationList = 4E04E8B719D7CCBF00E0F0FD /* Build configuration list for PBXNativeTarget "obt1Tests" */;
			buildPhases = (
				4E04E8A619D7CCBF00E0F0FD /* Sources */,
				4E04E8A719D7CCBF00E0F0FD /* Frameworks */,
				4E04E8A819D7CCBF00E0F0FD /* Resources */,
			);
			buildRules = (
			);
			dependencies = (
				4E04E8AC19D7CCBF00E0F0FD /* PBXTargetDependency */,
			);
			name = obt1Tests;
			productName = obt1Tests;
			productReference = 4E04E8AA19D7CCBF00E0F0FD /* obt1Tests.xctest */;
			productType = "com.apple.product-type.bundle.unit-test";
		};
/* End PBXNativeTarget section */

/* Begin PBXProject section */
		4E04E88A19D7CCBF00E0F0FD /* Project object */ = {
			isa = PBXProject;
			attributes = {
				LastUpgradeCheck = 0600;
				ORGANIZATIONNAME = Worxly;
				TargetAttributes = {
					4E04E89119D7CCBF00E0F0FD = {
						CreatedOnToolsVersion = 6.0.1;
					};
					4E04E8A919D7CCBF00E0F0FD = {
						CreatedOnToolsVersion = 6.0.1;
						TestTargetID = 4E04E89119D7CCBF00E0F0FD;
					};
				};
			};
			buildConfigurationList = 4E04E88D19D7CCBF00E0F0FD /* Build configuration list for PBXProject "obt1" */;
			compatibilityVersion = "Xcode 3.2";
			developmentRegion = English;
			hasScannedForEncodings = 0;
			knownRegions = (
				en,
				Base,
			);
			mainGroup = 4E04E88919D7CCBF00E0F0FD;
			productRefGroup = 4E04E89319D7CCBF00E0F0FD /* Products */;
			projectDirPath = "";
			projectRoot = "";
			targets = (
				4E04E89119D7CCBF00E0F0FD /* obt1 */,
				4E04E8A919D7CCBF00E0F0FD /* obt1Tests */,
			);
		};
/* End PBXProject section */

/* Begin PBXResourcesBuildPhase section */
		4E04E89019D7CCBF00E0F0FD /* Resources */ = {
			isa = PBXResourcesBuildPhase;
			buildActionMask = 2147483647;
			files = (
				4E04E8A019D7CCBF00E0F0FD /* Main.storyboard in Resources */,
				4E04E8A519D7CCBF00E0F0FD /* LaunchScreen.xib in Resources */,
				4E04E8A219D7CCBF00E0F0FD /* Images.xcassets in Resources */,
			);
			runOnlyForDeploymentPostprocessing = 0;
		};
		4E04E8A819D7CCBF00E0F0FD /* Resources */ = {
			isa = PBXResourcesBuildPhase;
			buildActionMask = 2147483647;
			files = (
			);
			runOnlyForDeploymentPostprocessing = 0;
		};
/* End PBXResourcesBuildPhase section */

/* Begin PBXSourcesBuildPhase section */
		4E04E88E19D7CCBF00E0F0FD /* Sources */ = {
			isa = PBXSourcesBuildPhase;
			buildActionMask = 2147483647;
			files = (
				4E04E89D19D7CCBF00E0F0FD /* ViewController.swift in Sources */,
				4E9CA54D19D853A1000CF70B /* WorldView.swift in Sources */,
				4E9CA54F19D8B11D000CF70B /* Cell.swift in Sources */,
				4E04E89819D7CCBF00E0F0FD /* AppDelegate.swift in Sources */,
				4E04E89B19D7CCBF00E0F0FD /* obt1.xcdatamodeld in Sources */,
			);
			runOnlyForDeploymentPostprocessing = 0;
		};
		4E04E8A619D7CCBF00E0F0FD /* Sources */ = {
			isa = PBXSourcesBuildPhase;
			buildActionMask = 2147483647;
			files = (
				4E04E8B119D7CCBF00E0F0FD /* obt1Tests.swift in Sources */,
			);
			runOnlyForDeploymentPostprocessing = 0;
		};
/* End PBXSourcesBuildPhase section */

/* Begin PBXTargetDependency section */
		4E04E8AC19D7CCBF00E0F0FD /* PBXTargetDependency */ = {
			isa = PBXTargetDependency;
			target = 4E04E89119D7CCBF00E0F0FD /* obt1 */;
			targetProxy = 4E04E8AB19D7CCBF00E0F0FD /* PBXContainerItemProxy */;
		};
/* End PBXTargetDependency section */

/* Begin PBXVariantGroup section */
		4E04E89E19D7CCBF00E0F0FD /* Main.storyboard */ = {
			isa = PBXVariantGroup;
			children = (
				4E04E89F19D7CCBF00E0F0FD /* Base */,
			);
			name = Main.storyboard;
			sourceTree = "<group>";
		};
		4E04E8A319D7CCBF00E0F0FD /* LaunchScreen.xib */ = {
			isa = PBXVariantGroup;
			children = (
				4E04E8A419D7CCBF00E0F0FD /* Base */,
			);
			name = LaunchScreen.xib;
			sourceTree = "<group>";
		};
/* End PBXVariantGroup section */

/* Begin XCBuildConfiguration section */
		4E04E8B219D7CCBF00E0F0FD /* Debug */ = {
			isa = XCBuildConfiguration;
			buildSettings = {
				ALWAYS_SEARCH_USER_PATHS = NO;
				CLANG_CXX_LANGUAGE_STANDARD = "gnu++0x";
				CLANG_CXX_LIBRARY = "libc++";
				CLANG_ENABLE_MODULES = YES;
				CLANG_ENABLE_OBJC_ARC = YES;
				CLANG_WARN_BOOL_CONVERSION = YES;
				CLANG_WARN_CONSTANT_CONVERSION = YES;
				CLANG_WARN_DIRECT_OBJC_ISA_USAGE = YES_ERROR;
				CLANG_WARN_EMPTY_BODY = YES;
				CLANG_WARN_ENUM_CONVERSION = YES;
				CLANG_WARN_INT_CONVERSION = YES;
				CLANG_WARN_OBJC_ROOT_CLASS = YES_ERROR;
				CLANG_WARN_UNREACHABLE_CODE = YES;
				CLANG_WARN__DUPLICATE_METHOD_MATCH = YES;
				"CODE_SIGN_IDENTITY[sdk=iphoneos*]" = "iPhone Developer";
				COPY_PHASE_STRIP = NO;
				ENABLE_STRICT_OBJC_MSGSEND = YES;
				GCC_C_LANGUAGE_STANDARD = gnu99;
				GCC_DYNAMIC_NO_PIC = NO;
				GCC_OPTIMIZATION_LEVEL = 0;
				GCC_PREPROCESSOR_DEFINITIONS = (
					"DEBUG=1",
					"$(inherited)",
				);
				GCC_SYMBOLS_PRIVATE_EXTERN = NO;
				GCC_WARN_64_TO_32_BIT_CONVERSION = YES;
				GCC_WARN_ABOUT_RETURN_TYPE = YES_ERROR;
				GCC_WARN_UNDECLARED_SELECTOR = YES;
				GCC_WARN_UNINITIALIZED_AUTOS = YES_AGGRESSIVE;
				GCC_WARN_UNUSED_FUNCTION = YES;
				GCC_WARN_UNUSED_VARIABLE = YES;
				IPHONEOS_DEPLOYMENT_TARGET = 8.0;
				MTL_ENABLE_DEBUG_INFO = YES;
				ONLY_ACTIVE_ARCH = YES;
				SDKROOT = iphoneos;
				SWIFT_OPTIMIZATION_LEVEL = "-Onone";
				TARGETED_DEVICE_FAMILY = "1,2";
			};
			name = Debug;
		};
		4E04E8B319D7CCBF00E0F0FD /* Release */ = {
			isa = XCBuildConfiguration;
			buildSettings = {
				ALWAYS_SEARCH_USER_PATHS = NO;
				CLANG_CXX_LANGUAGE_STANDARD = "gnu++0x";
				CLANG_CXX_LIBRARY = "libc++";
				CLANG_ENABLE_MODULES = YES;
				CLANG_ENABLE_OBJC_ARC = YES;
				CLANG_WARN_BOOL_CONVERSION = YES;
				CLANG_WARN_CONSTANT_CONVERSION = YES;
				CLANG_WARN_DIRECT_OBJC_ISA_USAGE = YES_ERROR;
				CLANG_WARN_EMPTY_BODY = YES;
				CLANG_WARN_ENUM_CONVERSION = YES;
				CLANG_WARN_INT_CONVERSION = YES;
				CLANG_WARN_OBJC_ROOT_CLASS = YES_ERROR;
				CLANG_WARN_UNREACHABLE_CODE = YES;
				CLANG_WARN__DUPLICATE_METHOD_MATCH = YES;
				"CODE_SIGN_IDENTITY[sdk=iphoneos*]" = "iPhone Developer";
				COPY_PHASE_STRIP = YES;
				ENABLE_NS_ASSERTIONS = NO;
				ENABLE_STRICT_OBJC_MSGSEND = YES;
				GCC_C_LANGUAGE_STANDARD = gnu99;
				GCC_WARN_64_TO_32_BIT_CONVERSION = YES;
				GCC_WARN_ABOUT_RETURN_TYPE = YES_ERROR;
				GCC_WARN_UNDECLARED_SELECTOR = YES;
				GCC_WARN_UNINITIALIZED_AUTOS = YES_AGGRESSIVE;
				GCC_WARN_UNUSED_FUNCTION = YES;
				GCC_WARN_UNUSED_VARIABLE = YES;
				IPHONEOS_DEPLOYMENT_TARGET = 8.0;
				MTL_ENABLE_DEBUG_INFO = NO;
				SDKROOT = iphoneos;
				TARGETED_DEVICE_FAMILY = "1,2";
				VALIDATE_PRODUCT = YES;
			};
			name = Release;
		};
		4E04E8B519D7CCBF00E0F0FD /* Debug */ = {
			isa = XCBuildConfiguration;
			buildSettings = {
				ASSETCATALOG_COMPILER_APPICON_NAME = AppIcon;
				INFOPLIST_FILE = obt1/Info.plist;
				LD_RUNPATH_SEARCH_PATHS = "$(inherited) @executable_path/Frameworks";
				PRODUCT_NAME = "$(TARGET_NAME)";
			};
			name = Debug;
		};
		4E04E8B619D7CCBF00E0F0FD /* Release */ = {
			isa = XCBuildConfiguration;
			buildSettings = {
				ASSETCATALOG_COMPILER_APPICON_NAME = AppIcon;
				INFOPLIST_FILE = obt1/Info.plist;
				LD_RUNPATH_SEARCH_PATHS = "$(inherited) @executable_path/Frameworks";
				PRODUCT_NAME = "$(TARGET_NAME)";
			};
			name = Release;
		};
		4E04E8B819D7CCBF00E0F0FD /* Debug */ = {
			isa = XCBuildConfiguration;
			buildSettings = {
				BUNDLE_LOADER = "$(TEST_HOST)";
				FRAMEWORK_SEARCH_PATHS = (
					"$(SDKROOT)/Developer/Library/Frameworks",
					"$(inherited)",
				);
				GCC_PREPROCESSOR_DEFINITIONS = (
					"DEBUG=1",
					"$(inherited)",
				);
				INFOPLIST_FILE = obt1Tests/Info.plist;
				LD_RUNPATH_SEARCH_PATHS = "$(inherited) @executable_path/Frameworks @loader_path/Frameworks";
				PRODUCT_NAME = "$(TARGET_NAME)";
				TEST_HOST = "$(BUILT_PRODUCTS_DIR)/obt1.app/obt1";
			};
			name = Debug;
		};
		4E04E8B919D7CCBF00E0F0FD /* Release */ = {
			isa = XCBuildConfiguration;
			buildSettings = {
				BUNDLE_LOADER = "$(TEST_HOST)";
				FRAMEWORK_SEARCH_PATHS = (
					"$(SDKROOT)/Developer/Library/Frameworks",
					"$(inherited)",
				);
				INFOPLIST_FILE = obt1Tests/Info.plist;
				LD_RUNPATH_SEARCH_PATHS = "$(inherited) @executable_path/Frameworks @loader_path/Frameworks";
				PRODUCT_NAME = "$(TARGET_NAME)";
				TEST_HOST = "$(BUILT_PRODUCTS_DIR)/obt1.app/obt1";
			};
			name = Release;
		};
/* End XCBuildConfiguration section */

/* Begin XCConfigurationList section */
		4E04E88D19D7CCBF00E0F0FD /* Build configuration list for PBXProject "obt1" */ = {
			isa = XCConfigurationList;
			buildConfigurations = (
				4E04E8B219D7CCBF00E0F0FD /* Debug */,
				4E04E8B319D7CCBF00E0F0FD /* Release */,
			);
			defaultConfigurationIsVisible = 0;
			defaultConfigurationName = Release;
		};
		4E04E8B419D7CCBF00E0F0FD /* Build configuration list for PBXNativeTarget "obt1" */ = {
			isa = XCConfigurationList;
			buildConfigurations = (
				4E04E8B519D7CCBF00E0F0FD /* Debug */,
				4E04E8B619D7CCBF00E0F0FD /* Release */,
			);
			defaultConfigurationIsVisible = 0;
			defaultConfigurationName = Release;
		};
		4E04E8B719D7CCBF00E0F0FD /* Build configuration list for PBXNativeTarget "obt1Tests" */ = {
			isa = XCConfigurationList;
			buildConfigurations = (
				4E04E8B819D7CCBF00E0F0FD /* Debug */,
				4E04E8B919D7CCBF00E0F0FD /* Release */,
			);
			defaultConfigurationIsVisible = 0;
			defaultConfigurationName = Release;
		};
/* End XCConfigurationList section */

/* Begin XCVersionGroup section */
		4E04E89919D7CCBF00E0F0FD /* obt1.xcdatamodeld */ = {
			isa = XCVersionGroup;
			children = (
				4E04E89A19D7CCBF00E0F0FD /* obt1.xcdatamodel */,
			);
			currentVersion = 4E04E89A19D7CCBF00E0F0FD /* obt1.xcdatamodel */;
			path = obt1.xcdatamodeld;
			sourceTree = "<group>";
			versionGroupType = wrapper.xcdatamodel;
		};
/* End XCVersionGroup section */
	};
	rootObject = 4E04E88A19D7CCBF00E0F0FD /* Project object */;
}
